
Microsoft Visual Studio Solution File, Format Version 12.00
# Visual Studio 2013
VisualStudioVersion = 12.0.31101.0
MinimumVisualStudioVersion = 10.0.40219.1
Project("{FAE04EC0-301F-11D3-BF4B-00C04F79EFBC}") = "GPSNavigator", "GPSNavigator\GPSNavigator.csproj", "{1C536556-C16B-434C-91D0-CAE2D674C935}"
EndProject
Project("{FAE04EC0-301F-11D3-BF4B-00C04F79EFBC}") = "GPSControlModule", "GPSControlModule\GPSControlModule.csproj", "{7A268972-6487-47B4-9263-DCBB002463DD}"
EndProject
Project("{FAE04EC0-301F-11D3-BF4B-00C04F79EFBC}") = "GPSService", "GPSService\GPSService.csproj", "{DD0071C2-504A-486D-BF29-A311A2294C1B}"
EndProject
Project("{FAE04EC0-301F-11D3-BF4B-00C04F79EFBC}") = "GalileoService", "GalileoService\GalileoService.csproj", "{D2D6DB7F-035E-47EF-97BB-886A102F2705}"
EndProject
Project("{FAE04EC0-301F-11D3-BF4B-00C04F79EFBC}") = "IoCConfiguration", "IoCConfiguration\IoCConfiguration.csproj", "{76F122A2-5E04-44AB-A583-6CFD8C05E473}"
EndProject
Global
	GlobalSection(SolutionConfigurationPlatforms) = preSolution
		Debug|Any CPU = Debug|Any CPU
		Release|Any CPU = Release|Any CPU
	EndGlobalSection
	GlobalSection(ProjectConfigurationPlatforms) = postSolution
		{1C536556-C16B-434C-91D0-CAE2D674C935}.Debug|Any CPU.ActiveCfg = Debug|Any CPU
		{1C536556-C16B-434C-91D0-CAE2D674C935}.Debug|Any CPU.Build.0 = Debug|Any CPU
		{1C536556-C16B-434C-91D0-CAE2D674C935}.Release|Any CPU.ActiveCfg = Release|Any CPU
		{1C536556-C16B-434C-91D0-CAE2D674C935}.Release|Any CPU.Build.0 = Release|Any CPU
		{7A268972-6487-47B4-9263-DCBB002463DD}.Debug|Any CPU.ActiveCfg = Debug|Any CPU
		{7A268972-6487-47B4-9263-DCBB002463DD}.Debug|Any CPU.Build.0 = Debug|Any CPU
		{7A268972-6487-47B4-9263-DCBB002463DD}.Release|Any CPU.ActiveCfg = Release|Any CPU
		{7A268972-6487-47B4-9263-DCBB002463DD}.Release|Any CPU.Build.0 = Release|Any CPU
		{DD0071C2-504A-486D-BF29-A311A2294C1B}.Debug|Any CPU.ActiveCfg = Debug|Any CPU
		{DD0071C2-504A-486D-BF29-A311A2294C1B}.Debug|Any CPU.Build.0 = Debug|Any CPU
		{DD0071C2-504A-486D-BF29-A311A2294C1B}.Release|Any CPU.ActiveCfg = Release|Any CPU
		{DD0071C2-504A-486D-BF29-A311A2294C1B}.Release|Any CPU.Build.0 = Release|Any CPU
		{D2D6DB7F-035E-47EF-97BB-886A102F2705}.Debug|Any CPU.ActiveCfg = Debug|Any CPU
		{D2D6DB7F-035E-47EF-97BB-886A102F2705}.Debug|Any CPU.Build.0 = Debug|Any CPU
		{D2D6DB7F-035E-47EF-97BB-886A102F2705}.Release|Any CPU.ActiveCfg = Release|Any CPU
		{D2D6DB7F-035E-47EF-97BB-886A102F2705}.Release|Any CPU.Build.0 = Release|Any CPU
		{76F122A2-5E04-44AB-A583-6CFD8C05E473}.Debug|Any CPU.ActiveCfg = Debug|Any CPU
		{76F122A2-5E04-44AB-A583-6CFD8C05E473}.Debug|Any CPU.Build.0 = Debug|Any CPU
		{76F122A2-5E04-44AB-A583-6CFD8C05E473}.Release|Any CPU.ActiveCfg = Release|Any CPU
		{76F122A2-5E04-44AB-A583-6CFD8C05E473}.Release|Any CPU.Build.0 = Release|Any CPU
	EndGlobalSection
	GlobalSection(SolutionProperties) = preSolution
		HideSolutionNode = FALSE
	EndGlobalSection
EndGlobal
